
Microsoft Visual Studio Solution File, Format Version 12.00
# Visual Studio Version 16
VisualStudioVersion = 16.0.30804.86
MinimumVisualStudioVersion = 10.0.40219.1
Project("{FAE04EC0-301F-11D3-BF4B-00C04F79EFBC}") = "Day06", "Day06.csproj", "{2EF27CB7-5F6A-4C6F-A4B0-08A7F324FA9B}"
EndProject
Global
	GlobalSection(SolutionConfigurationPlatforms) = preSolution
		Debug|Any CPU = Debug|Any CPU
		Release|Any CPU = Release|Any CPU
	EndGlobalSection
	GlobalSection(ProjectConfigurationPlatforms) = postSolution
		{2EF27CB7-5F6A-4C6F-A4B0-08A7F324FA9B}.Debug|Any CPU.ActiveCfg = Debug|Any CPU
		{2EF27CB7-5F6A-4C6F-A4B0-08A7F324FA9B}.Debug|Any CPU.Build.0 = Debug|Any CPU
		{2EF27CB7-5F6A-4C6F-A4B0-08A7F324FA9B}.Release|Any CPU.ActiveCfg = Release|Any CPU
		{2EF27CB7-5F6A-4C6F-A4B0-08A7F324FA9B}.Release|Any CPU.Build.0 = Release|Any CPU
	EndGlobalSection
	GlobalSection(SolutionProperties) = preSolution
		HideSolutionNode = FALSE
	EndGlobalSection
	GlobalSection(ExtensibilityGlobals) = postSolution
		SolutionGuid = {EB465BAB-C083-44DE-AC0A-4CC665CFB8ED}
	EndGlobalSection
EndGlobal
